{
  "version": 4,
  "terraform_version": "1.4.6",
  "serial": 9,
  "lineage": "25aeb8d9-e0e5-58ee-4e63-4be4dcfea5d6",
  "outputs": {},
  "resources": [
    {
      "mode": "managed",
      "type": "aws_eks_cluster",
      "name": "eks_cluster",
      "provider": "provider[\"registry.terraform.io/hashicorp/aws\"]",
      "instances": [
        {
          "schema_version": 0,
          "attributes": {
            "arn": "arn:aws:eks:us-east-1:993005782585:cluster/solutions1-cluster",
            "certificate_authority": [
              {
                "data": "LS0tLS1CRUdJTiBDRVJUSUZJQ0FURS0tLS0tCk1JSUMvakNDQWVhZ0F3SUJBZ0lCQURBTkJna3Foa2lHOXcwQkFRc0ZBREFWTVJNd0VRWURWUVFERXdwcmRXSmwKY201bGRHVnpNQjRYRFRJek1EVXdNakV6TlRNMU1sb1hEVE16TURReU9URXpOVE0xTWxvd0ZURVRNQkVHQTFVRQpBeE1LYTNWaVpYSnVaWFJsY3pDQ0FTSXdEUVlKS29aSWh2Y05BUUVCQlFBRGdnRVBBRENDQVFvQ2dnRUJBT2hpCmxrRGV1bnJvUC9zSjlwNCttWWp3WkVxdFJWZERvRWpuWFZ1eXNWMUtYV2tiR29MVm5uOHV6QWV5dmt5SjNyMncKV1VKZHlnWmhEWndOZnE5Q0JMTThsbU9aclpMRGw2ZExSSTJRcGd0RERETWRrQlNEbWdwb0s1TXVCK1loL0dlMAppOWxwTTRzcHdVVUFQUmR6UG14T0ZvMVBqZmd2RHB4T3hIaXlwRlZ1RWdPOE5HT0JwdElWYXNMWnZFT0hmQWhSCmtoSEVWRy9jMGJyTEZBQmlnanJqcDk5ZnRKQS91WGJMVVUzaFFqZHUyQkFWZUVMK1lLU2F6cUdMVW9tMjVOdkIKZm1WZzNHanZLQkg4OWFwbXd5WkplblNYQW5YNXJldFFqWXRDdUZabmptS0lIa2dLMEh6L3hRUUJWKzNaZDJFZAowK0padTBLMUN4YkRadzNYYSswQ0F3RUFBYU5aTUZjd0RnWURWUjBQQVFIL0JBUURBZ0trTUE4R0ExVWRFd0VCCi93UUZNQU1CQWY4d0hRWURWUjBPQkJZRUZITnhpUmpRRkdSZnlmOFFLV1J1R0hjaGlWV3BNQlVHQTFVZEVRUU8KTUF5Q0NtdDFZbVZ5Ym1WMFpYTXdEUVlKS29aSWh2Y05BUUVMQlFBRGdnRUJBTXdDNyswVFdaSHJ3M1dJQm1IMwpWeFBTZFoySDZJa0prZVY4eDlHMmVoRTc4eHdVM3V2L3VrdVVwQ1NpMExoMmdkcktFcFRxdDlNRFdaZk9COVQyCkZLV1ptVU5LUDZsZ1V6R1lIQ29KNXFXVERGYVEwUmtvdEQ5RmlsclcvVXBDejhwZHpmdjE4YTZFTGViK0Vjb0wKYkltQTZFYzBGdzdta0pwRWZlcW5zd3BLaDFvZjJIN3hrUDhOQnZxR3FCMGJJMEFXVnRBU1U1QzFKQWEzTjF6cApOR25ibDhwNExyVE8vTmRVNE5oK0VFK21mU1c5Z1hVS29uTGtvUjJ1TjZZeFE5SVF3bUhUYTE2aklKUUxDdDN6Ck1uSzJZZExpS1hwd1I2d3haWHNaMEMwb2hYOUcxclQ1OFg2eGkrcmZOVHpXRDUrN05Da0ptN2ZJY2Y2Z3lmWGMKVGpzPQotLS0tLUVORCBDRVJUSUZJQ0FURS0tLS0tCg=="
              }
            ],
            "created_at": "2023-05-02 13:47:35.177 +0000 UTC",
            "enabled_cluster_log_types": null,
            "encryption_config": [],
            "endpoint": "https://6AE8E3FC765F78689D73A199D5466BEE.gr7.us-east-1.eks.amazonaws.com",
            "id": "solutions1-cluster",
            "identity": [
              {
                "oidc": [
                  {
                    "issuer": "https://oidc.eks.us-east-1.amazonaws.com/id/6AE8E3FC765F78689D73A199D5466BEE"
                  }
                ]
              }
            ],
            "kubernetes_network_config": [
              {
                "ip_family": "ipv4",
                "service_ipv4_cidr": "10.100.0.0/16"
              }
            ],
            "name": "solutions1-cluster",
            "platform_version": "eks.11",
            "role_arn": "arn:aws:iam::993005782585:role/solutions1-cluster-eks-service-role",
            "status": "ACTIVE",
            "tags": {
              "createdby": "jon@rapdev.io",
              "env": "lab"
            },
            "tags_all": {
              "createdby": "jon@rapdev.io",
              "env": "lab"
            },
            "timeouts": null,
            "version": "1.22",
            "vpc_config": [
              {
                "cluster_security_group_id": "sg-0f935de35c2bb11f3",
                "endpoint_private_access": false,
                "endpoint_public_access": true,
                "public_access_cidrs": [
                  "0.0.0.0/0"
                ],
                "security_group_ids": [
                  "sg-010a7131125972c7f",
                  "sg-01349e22e63811a46",
                  "sg-0fdb3d106ec4d8931"
                ],
                "subnet_ids": [
                  "subnet-0890d006",
                  "subnet-536be00c"
                ],
                "vpc_id": "vpc-95a872e8"
              }
            ]
          },
          "sensitive_attributes": [],
          "private": "eyJlMmJmYjczMC1lY2FhLTExZTYtOGY4OC0zNDM2M2JjN2M0YzAiOnsiY3JlYXRlIjoxODAwMDAwMDAwMDAwLCJkZWxldGUiOjkwMDAwMDAwMDAwMCwidXBkYXRlIjozNjAwMDAwMDAwMDAwfX0=",
          "dependencies": [
            "aws_iam_role.eks_role",
            "aws_iam_role_policy_attachment.eks_policy"
          ]
        }
      ]
    },
    {
      "mode": "managed",
      "type": "aws_eks_node_group",
      "name": "eks_node_group",
      "provider": "provider[\"registry.terraform.io/hashicorp/aws\"]",
      "instances": [
        {
          "schema_version": 0,
          "attributes": {
            "ami_type": "AL2_x86_64",
            "arn": "arn:aws:eks:us-east-1:993005782585:nodegroup/solutions1-cluster/solutions1-cluster-nodegroup/0cc3ee60-b973-94f5-f566-cd500324887a",
            "capacity_type": "ON_DEMAND",
            "cluster_name": "solutions1-cluster",
            "disk_size": 20,
            "force_update_version": null,
            "id": "solutions1-cluster:solutions1-cluster-nodegroup",
            "instance_types": [
              "t3.large"
            ],
            "labels": null,
            "launch_template": [],
            "node_group_name": "solutions1-cluster-nodegroup",
            "node_group_name_prefix": "",
            "node_role_arn": "arn:aws:iam::993005782585:role/solutions1-cluster-eks-node-role",
            "release_version": "1.22.17-20230411",
            "remote_access": [],
            "resources": [
              {
                "autoscaling_groups": [
                  {
                    "name": "eks-solutions1-cluster-nodegroup-0cc3ee60-b973-94f5-f566-cd500324887a"
                  }
                ],
                "remote_access_security_group_id": ""
              }
            ],
            "scaling_config": [
              {
                "desired_size": 1,
                "max_size": 2,
                "min_size": 1
              }
            ],
            "status": "ACTIVE",
            "subnet_ids": [
              "subnet-0890d006",
              "subnet-536be00c"
            ],
            "tags": {
              "createdby": "jon@rapdev.io",
              "env": "lab"
            },
            "tags_all": {
              "createdby": "jon@rapdev.io",
              "env": "lab"
            },
            "taint": [],
            "timeouts": null,
            "update_config": [
              {
                "max_unavailable": 1,
                "max_unavailable_percentage": 0
              }
            ],
            "version": "1.22"
          },
          "sensitive_attributes": [],
          "private": "eyJlMmJmYjczMC1lY2FhLTExZTYtOGY4OC0zNDM2M2JjN2M0YzAiOnsiY3JlYXRlIjozNjAwMDAwMDAwMDAwLCJkZWxldGUiOjM2MDAwMDAwMDAwMDAsInVwZGF0ZSI6MzYwMDAwMDAwMDAwMH19",
          "dependencies": [
            "aws_eks_cluster.eks_cluster",
            "aws_iam_role.eks_node_role",
            "aws_iam_role.eks_role",
            "aws_iam_role_policy_attachment.eks_nodegroup_cni_policy",
            "aws_iam_role_policy_attachment.eks_nodegroup_ec2_containerregistryread",
            "aws_iam_role_policy_attachment.eks_nodegroup_policy",
            "aws_iam_role_policy_attachment.eks_policy"
          ]
        }
      ]
    },
    {
      "mode": "managed",
      "type": "aws_iam_role",
      "name": "eks_node_role",
      "provider": "provider[\"registry.terraform.io/hashicorp/aws\"]",
      "instances": [
        {
          "schema_version": 0,
          "attributes": {
            "arn": "arn:aws:iam::993005782585:role/solutions1-cluster-eks-node-role",
            "assume_role_policy": "{\"Version\":\"2012-10-17\",\"Statement\":[{\"Effect\":\"Allow\",\"Principal\":{\"Service\":\"ec2.amazonaws.com\"},\"Action\":\"sts:AssumeRole\"}]}",
            "create_date": "2023-05-02T13:47:32Z",
            "description": "",
            "force_detach_policies": false,
            "id": "solutions1-cluster-eks-node-role",
            "inline_policy": [
              {
                "name": "",
                "policy": ""
              }
            ],
            "managed_policy_arns": [],
            "max_session_duration": 3600,
            "name": "solutions1-cluster-eks-node-role",
            "name_prefix": "",
            "path": "/",
            "permissions_boundary": null,
            "tags": null,
            "tags_all": {},
            "unique_id": "AROA6OM6BYY457BCAGFNO"
          },
          "sensitive_attributes": [],
          "private": "bnVsbA=="
        }
      ]
    },
    {
      "mode": "managed",
      "type": "aws_iam_role",
      "name": "eks_role",
      "provider": "provider[\"registry.terraform.io/hashicorp/aws\"]",
      "instances": [
        {
          "schema_version": 0,
          "attributes": {
            "arn": "arn:aws:iam::993005782585:role/solutions1-cluster-eks-service-role",
            "assume_role_policy": "{\"Version\":\"2012-10-17\",\"Statement\":[{\"Effect\":\"Allow\",\"Principal\":{\"Service\":\"eks.amazonaws.com\"},\"Action\":\"sts:AssumeRole\"}]}",
            "create_date": "2023-05-02T13:47:32Z",
            "description": "",
            "force_detach_policies": false,
            "id": "solutions1-cluster-eks-service-role",
            "inline_policy": [
              {
                "name": "",
                "policy": ""
              }
            ],
            "managed_policy_arns": [],
            "max_session_duration": 3600,
            "name": "solutions1-cluster-eks-service-role",
            "name_prefix": "",
            "path": "/",
            "permissions_boundary": null,
            "tags": null,
            "tags_all": {},
            "unique_id": "AROA6OM6BYY46WEQ4RP6G"
          },
          "sensitive_attributes": [],
          "private": "bnVsbA=="
        }
      ]
    },
    {
      "mode": "managed",
      "type": "aws_iam_role_policy_attachment",
      "name": "eks_nodegroup_cni_policy",
      "provider": "provider[\"registry.terraform.io/hashicorp/aws\"]",
      "instances": [
        {
          "schema_version": 0,
          "attributes": {
            "id": "solutions1-cluster-eks-node-role-20230502134733693300000001",
            "policy_arn": "arn:aws:iam::aws:policy/AmazonEKS_CNI_Policy",
            "role": "solutions1-cluster-eks-node-role"
          },
          "sensitive_attributes": [],
          "private": "bnVsbA==",
          "dependencies": [
            "aws_iam_role.eks_node_role"
          ]
        }
      ]
    },
    {
      "mode": "managed",
      "type": "aws_iam_role_policy_attachment",
      "name": "eks_nodegroup_ec2_containerregistryread",
      "provider": "provider[\"registry.terraform.io/hashicorp/aws\"]",
      "instances": [
        {
          "schema_version": 0,
          "attributes": {
            "id": "solutions1-cluster-eks-node-role-20230502134733804200000003",
            "policy_arn": "arn:aws:iam::aws:policy/AmazonEC2ContainerRegistryReadOnly",
            "role": "solutions1-cluster-eks-node-role"
          },
          "sensitive_attributes": [],
          "private": "bnVsbA==",
          "dependencies": [
            "aws_iam_role.eks_node_role"
          ]
        }
      ]
    },
    {
      "mode": "managed",
      "type": "aws_iam_role_policy_attachment",
      "name": "eks_nodegroup_policy",
      "provider": "provider[\"registry.terraform.io/hashicorp/aws\"]",
      "instances": [
        {
          "schema_version": 0,
          "attributes": {
            "id": "solutions1-cluster-eks-node-role-20230502134733693400000002",
            "policy_arn": "arn:aws:iam::aws:policy/AmazonEKSWorkerNodePolicy",
            "role": "solutions1-cluster-eks-node-role"
          },
          "sensitive_attributes": [],
          "private": "bnVsbA==",
          "dependencies": [
            "aws_iam_role.eks_node_role"
          ]
        }
      ]
    },
    {
      "mode": "managed",
      "type": "aws_iam_role_policy_attachment",
      "name": "eks_policy",
      "provider": "provider[\"registry.terraform.io/hashicorp/aws\"]",
      "instances": [
        {
          "schema_version": 0,
          "attributes": {
            "id": "solutions1-cluster-eks-service-role-20230502134733811000000004",
            "policy_arn": "arn:aws:iam::aws:policy/AmazonEKSClusterPolicy",
            "role": "solutions1-cluster-eks-service-role"
          },
          "sensitive_attributes": [],
          "private": "bnVsbA==",
          "dependencies": [
            "aws_iam_role.eks_role"
          ]
        }
      ]
    }
  ],
  "check_results": null
}
